
Microsoft Visual Studio Solution File, Format Version 12.00
# Visual Studio 15
VisualStudioVersion = 15.0.28307.421
MinimumVisualStudioVersion = 10.0.40219.1
Project("{2150E333-8FDC-42A3-9474-1A3956D46DE8}") = "1. Core", "1. Core", "{9D88A598-2AFA-41B4-93D5-E71CB5E7A99E}"
EndProject
Project("{2150E333-8FDC-42A3-9474-1A3956D46DE8}") = "2. Infra", "2. Infra", "{D0DECE1A-6EE4-4823-977F-4F5442825C85}"
EndProject
Project("{FAE04EC0-301F-11D3-BF4B-00C04F79EFBC}") = "DapperDemo.Core", "DapperDemo.Core\DapperDemo.Core.csproj", "{A0A35D20-3F12-4D4C-A867-BE23196A346A}"
EndProject
Global
	GlobalSection(SolutionConfigurationPlatforms) = preSolution
		Debug|Any CPU = Debug|Any CPU
		Release|Any CPU = Release|Any CPU
	EndGlobalSection
	GlobalSection(ProjectConfigurationPlatforms) = postSolution
		{A0A35D20-3F12-4D4C-A867-BE23196A346A}.Debug|Any CPU.ActiveCfg = Debug|Any CPU
		{A0A35D20-3F12-4D4C-A867-BE23196A346A}.Debug|Any CPU.Build.0 = Debug|Any CPU
		{A0A35D20-3F12-4D4C-A867-BE23196A346A}.Release|Any CPU.ActiveCfg = Release|Any CPU
		{A0A35D20-3F12-4D4C-A867-BE23196A346A}.Release|Any CPU.Build.0 = Release|Any CPU
	EndGlobalSection
	GlobalSection(SolutionProperties) = preSolution
		HideSolutionNode = FALSE
	EndGlobalSection
	GlobalSection(NestedProjects) = preSolution
		{A0A35D20-3F12-4D4C-A867-BE23196A346A} = {9D88A598-2AFA-41B4-93D5-E71CB5E7A99E}
	EndGlobalSection
	GlobalSection(ExtensibilityGlobals) = postSolution
		SolutionGuid = {CF8EE94D-32F8-4284-B0B4-C507F9367AA7}
	EndGlobalSection
EndGlobal
